
Microsoft Visual Studio Solution File, Format Version 12.00
# Visual Studio Version 17
VisualStudioVersion = 17.11.35327.3
MinimumVisualStudioVersion = 10.0.40219.1
Project("{FAE04EC0-301F-11D3-BF4B-00C04F79EFBC}") = "SportsVenueBooking", "SportsVenueBooking\SportsVenueBooking.csproj", "{D191515A-64EA-48CF-9E35-506EC0DF778E}"
EndProject
Global
	GlobalSection(SolutionConfigurationPlatforms) = preSolution
		Debug|Any CPU = Debug|Any CPU
		Release|Any CPU = Release|Any CPU
	EndGlobalSection
	GlobalSection(ProjectConfigurationPlatforms) = postSolution
		{D191515A-64EA-48CF-9E35-506EC0DF778E}.Debug|Any CPU.ActiveCfg = Debug|Any CPU
		{D191515A-64EA-48CF-9E35-506EC0DF778E}.Debug|Any CPU.Build.0 = Debug|Any CPU
		{D191515A-64EA-48CF-9E35-506EC0DF778E}.Release|Any CPU.ActiveCfg = Release|Any CPU
		{D191515A-64EA-48CF-9E35-506EC0DF778E}.Release|Any CPU.Build.0 = Release|Any CPU
	EndGlobalSection
	GlobalSection(SolutionProperties) = preSolution
		HideSolutionNode = FALSE
	EndGlobalSection
	GlobalSection(ExtensibilityGlobals) = postSolution
		SolutionGuid = {CC1B7D05-3BB6-452F-987B-0C7BAECD932D}
	EndGlobalSection
EndGlobal
